
Microsoft Visual Studio Solution File, Format Version 12.00
# Visual Studio Version 17
VisualStudioVersion = 17.1.32407.343
MinimumVisualStudioVersion = 10.0.40219.1
Project("{FAE04EC0-301F-11D3-BF4B-00C04F79EFBC}") = "Lesson5_Basics", "Lesson5_Basics\Lesson5_Basics.csproj", "{DD79B76E-EF79-46D4-A662-4FA25B81EF31}"
EndProject
Project("{FAE04EC0-301F-11D3-BF4B-00C04F79EFBC}") = "Lesson6_Loops", "Lesson6_Loops\Lesson6_Loops.csproj", "{C31B2BA9-D577-4CD5-86A8-D79E62E4E30B}"
EndProject
Project("{FAE04EC0-301F-11D3-BF4B-00C04F79EFBC}") = "Lesson7_ASCII_Art", "Lesson7_ASCII_Art\Lesson7_ASCII_Art.csproj", "{91E26B63-51A6-4C10-A8EC-8A6757109E2A}"
EndProject
Project("{FAE04EC0-301F-11D3-BF4B-00C04F79EFBC}") = "Lesson8_HW_Painting2", "Lesson8_HW_Painting2\Lesson8_HW_Painting2.csproj", "{FE9A405D-8D99-42C2-97E2-3C56A3D99702}"
EndProject
Project("{FAE04EC0-301F-11D3-BF4B-00C04F79EFBC}") = "Lesson8_Practics_Paint", "Lesson8_Practics_Paint\Lesson8_Practics_Paint.csproj", "{A7C96C13-A69F-4E43-A560-CE9012E1D1B5}"
EndProject
Project("{FAE04EC0-301F-11D3-BF4B-00C04F79EFBC}") = "Lesson8_Practics2", "Lesson8_Practics2\Lesson8_Practics2.csproj", "{3F1F63BE-D5BA-48BD-9097-8F0792896446}"
EndProject
Project("{FAE04EC0-301F-11D3-BF4B-00C04F79EFBC}") = "Lesson8_Shapes_Homework", "Lesson8_Shapes_Homework\Lesson8_Shapes_Homework.csproj", "{9C8F2B11-F2E4-4B02-B52E-34F8DA3EA9D9}"
EndProject
Project("{FAE04EC0-301F-11D3-BF4B-00C04F79EFBC}") = "Lesson9_Encapsulation", "Lesson9_Encapsulation\Lesson9_Encapsulation.csproj", "{3180646B-F168-46C3-81D1-FC9F948AED66}"
EndProject
Project("{FAE04EC0-301F-11D3-BF4B-00C04F79EFBC}") = "Models", "Models\Models.csproj", "{D442CBCE-FCC5-4D1E-9FBC-55BE310008C8}"
EndProject
Project("{FAE04EC0-301F-11D3-BF4B-00C04F79EFBC}") = "Lesson10_OOP_Inheritance", "Lesson10_OOP_Inheritance\Lesson10_OOP_Inheritance.csproj", "{454CF2A1-5D6B-4E47-8FC9-EC59A35F9231}"
EndProject
Project("{FAE04EC0-301F-11D3-BF4B-00C04F79EFBC}") = "Lesson11_OOP_Polymorphysm", "Lesson11_OOP_Polymorphysm\Lesson11_OOP_Polymorphysm.csproj", "{4306DAB1-CCE1-465F-ACE7-4E90995119A9}"
EndProject
Project("{FAE04EC0-301F-11D3-BF4B-00C04F79EFBC}") = "Lesson11_HW_Shapes", "Lesson11_HW_Shapes\Lesson11_HW_Shapes.csproj", "{311D6D6D-64BE-4805-A3C1-F522F567A71B}"
EndProject
Project("{FAE04EC0-301F-11D3-BF4B-00C04F79EFBC}") = "AgeS2", "AgeS2\AgeS2.csproj", "{D372A224-322F-47E7-8764-6B1219A859EF}"
EndProject
Global
	GlobalSection(SolutionConfigurationPlatforms) = preSolution
		Debug|Any CPU = Debug|Any CPU
		Release|Any CPU = Release|Any CPU
	EndGlobalSection
	GlobalSection(ProjectConfigurationPlatforms) = postSolution
		{DD79B76E-EF79-46D4-A662-4FA25B81EF31}.Debug|Any CPU.ActiveCfg = Debug|Any CPU
		{DD79B76E-EF79-46D4-A662-4FA25B81EF31}.Debug|Any CPU.Build.0 = Debug|Any CPU
		{DD79B76E-EF79-46D4-A662-4FA25B81EF31}.Release|Any CPU.ActiveCfg = Release|Any CPU
		{DD79B76E-EF79-46D4-A662-4FA25B81EF31}.Release|Any CPU.Build.0 = Release|Any CPU
		{C31B2BA9-D577-4CD5-86A8-D79E62E4E30B}.Debug|Any CPU.ActiveCfg = Debug|Any CPU
		{C31B2BA9-D577-4CD5-86A8-D79E62E4E30B}.Debug|Any CPU.Build.0 = Debug|Any CPU
		{C31B2BA9-D577-4CD5-86A8-D79E62E4E30B}.Release|Any CPU.ActiveCfg = Release|Any CPU
		{C31B2BA9-D577-4CD5-86A8-D79E62E4E30B}.Release|Any CPU.Build.0 = Release|Any CPU
		{91E26B63-51A6-4C10-A8EC-8A6757109E2A}.Debug|Any CPU.ActiveCfg = Debug|Any CPU
		{91E26B63-51A6-4C10-A8EC-8A6757109E2A}.Debug|Any CPU.Build.0 = Debug|Any CPU
		{91E26B63-51A6-4C10-A8EC-8A6757109E2A}.Release|Any CPU.ActiveCfg = Release|Any CPU
		{91E26B63-51A6-4C10-A8EC-8A6757109E2A}.Release|Any CPU.Build.0 = Release|Any CPU
		{FE9A405D-8D99-42C2-97E2-3C56A3D99702}.Debug|Any CPU.ActiveCfg = Debug|Any CPU
		{FE9A405D-8D99-42C2-97E2-3C56A3D99702}.Debug|Any CPU.Build.0 = Debug|Any CPU
		{FE9A405D-8D99-42C2-97E2-3C56A3D99702}.Release|Any CPU.ActiveCfg = Release|Any CPU
		{FE9A405D-8D99-42C2-97E2-3C56A3D99702}.Release|Any CPU.Build.0 = Release|Any CPU
		{A7C96C13-A69F-4E43-A560-CE9012E1D1B5}.Debug|Any CPU.ActiveCfg = Debug|Any CPU
		{A7C96C13-A69F-4E43-A560-CE9012E1D1B5}.Debug|Any CPU.Build.0 = Debug|Any CPU
		{A7C96C13-A69F-4E43-A560-CE9012E1D1B5}.Release|Any CPU.ActiveCfg = Release|Any CPU
		{A7C96C13-A69F-4E43-A560-CE9012E1D1B5}.Release|Any CPU.Build.0 = Release|Any CPU
		{3F1F63BE-D5BA-48BD-9097-8F0792896446}.Debug|Any CPU.ActiveCfg = Debug|Any CPU
		{3F1F63BE-D5BA-48BD-9097-8F0792896446}.Debug|Any CPU.Build.0 = Debug|Any CPU
		{3F1F63BE-D5BA-48BD-9097-8F0792896446}.Release|Any CPU.ActiveCfg = Release|Any CPU
		{3F1F63BE-D5BA-48BD-9097-8F0792896446}.Release|Any CPU.Build.0 = Release|Any CPU
		{9C8F2B11-F2E4-4B02-B52E-34F8DA3EA9D9}.Debug|Any CPU.ActiveCfg = Debug|Any CPU
		{9C8F2B11-F2E4-4B02-B52E-34F8DA3EA9D9}.Debug|Any CPU.Build.0 = Debug|Any CPU
		{9C8F2B11-F2E4-4B02-B52E-34F8DA3EA9D9}.Release|Any CPU.ActiveCfg = Release|Any CPU
		{9C8F2B11-F2E4-4B02-B52E-34F8DA3EA9D9}.Release|Any CPU.Build.0 = Release|Any CPU
		{3180646B-F168-46C3-81D1-FC9F948AED66}.Debug|Any CPU.ActiveCfg = Debug|Any CPU
		{3180646B-F168-46C3-81D1-FC9F948AED66}.Debug|Any CPU.Build.0 = Debug|Any CPU
		{3180646B-F168-46C3-81D1-FC9F948AED66}.Release|Any CPU.ActiveCfg = Release|Any CPU
		{3180646B-F168-46C3-81D1-FC9F948AED66}.Release|Any CPU.Build.0 = Release|Any CPU
		{D442CBCE-FCC5-4D1E-9FBC-55BE310008C8}.Debug|Any CPU.ActiveCfg = Debug|Any CPU
		{D442CBCE-FCC5-4D1E-9FBC-55BE310008C8}.Debug|Any CPU.Build.0 = Debug|Any CPU
		{D442CBCE-FCC5-4D1E-9FBC-55BE310008C8}.Release|Any CPU.ActiveCfg = Release|Any CPU
		{D442CBCE-FCC5-4D1E-9FBC-55BE310008C8}.Release|Any CPU.Build.0 = Release|Any CPU
		{454CF2A1-5D6B-4E47-8FC9-EC59A35F9231}.Debug|Any CPU.ActiveCfg = Debug|Any CPU
		{454CF2A1-5D6B-4E47-8FC9-EC59A35F9231}.Debug|Any CPU.Build.0 = Debug|Any CPU
		{454CF2A1-5D6B-4E47-8FC9-EC59A35F9231}.Release|Any CPU.ActiveCfg = Release|Any CPU
		{454CF2A1-5D6B-4E47-8FC9-EC59A35F9231}.Release|Any CPU.Build.0 = Release|Any CPU
		{4306DAB1-CCE1-465F-ACE7-4E90995119A9}.Debug|Any CPU.ActiveCfg = Debug|Any CPU
		{4306DAB1-CCE1-465F-ACE7-4E90995119A9}.Debug|Any CPU.Build.0 = Debug|Any CPU
		{4306DAB1-CCE1-465F-ACE7-4E90995119A9}.Release|Any CPU.ActiveCfg = Release|Any CPU
		{4306DAB1-CCE1-465F-ACE7-4E90995119A9}.Release|Any CPU.Build.0 = Release|Any CPU
		{311D6D6D-64BE-4805-A3C1-F522F567A71B}.Debug|Any CPU.ActiveCfg = Debug|Any CPU
		{311D6D6D-64BE-4805-A3C1-F522F567A71B}.Debug|Any CPU.Build.0 = Debug|Any CPU
		{311D6D6D-64BE-4805-A3C1-F522F567A71B}.Release|Any CPU.ActiveCfg = Release|Any CPU
		{311D6D6D-64BE-4805-A3C1-F522F567A71B}.Release|Any CPU.Build.0 = Release|Any CPU
		{D372A224-322F-47E7-8764-6B1219A859EF}.Debug|Any CPU.ActiveCfg = Debug|Any CPU
		{D372A224-322F-47E7-8764-6B1219A859EF}.Debug|Any CPU.Build.0 = Debug|Any CPU
		{D372A224-322F-47E7-8764-6B1219A859EF}.Release|Any CPU.ActiveCfg = Release|Any CPU
		{D372A224-322F-47E7-8764-6B1219A859EF}.Release|Any CPU.Build.0 = Release|Any CPU
	EndGlobalSection
	GlobalSection(SolutionProperties) = preSolution
		HideSolutionNode = FALSE
	EndGlobalSection
	GlobalSection(ExtensibilityGlobals) = postSolution
		SolutionGuid = {0415EA11-8EAA-4042-B725-EE3F5325E73D}
	EndGlobalSection
EndGlobal
